// !$*UTF8*$!
{
	archiveVersion = 1;
	classes = {
	};
	objectVersion = 46;
	objects = {

/* Begin PBXBuildFile section */
		D98950E81F87F1A7005755E0 /* main.cpp in Sources */ = {isa = PBXBuildFile; fileRef = D98950E71F87F1A7005755E0 /* main.cpp */; };
		D98950F01F87F1D5005755E0 /* Calibrator.cpp in Sources */ = {isa = PBXBuildFile; fileRef = D98950EE1F87F1D5005755E0 /* Calibrator.cpp */; };
/* End PBXBuildFile section */

/* Begin PBXCopyFilesBuildPhase section */
		D98950E21F87F1A7005755E0 /* CopyFiles */ = {
			isa = PBXCopyFilesBuildPhase;
			buildActionMask = 2147483647;
			dstPath = /usr/share/man/man1/;
			dstSubfolderSpec = 0;
			files = (
			);
			runOnlyForDeploymentPostprocessing = 1;
		};
/* End PBXCopyFilesBuildPhase section */

/* Begin PBXFileReference section */
		D98950E41F87F1A7005755E0 /* density-control-io */ = {isa = PBXFileReference; explicitFileType = "compiled.mach-o.executable"; includeInIndex = 0; path = "density-control-io"; sourceTree = BUILT_PRODUCTS_DIR; };
		D98950E71F87F1A7005755E0 /* main.cpp */ = {isa = PBXFileReference; lastKnownFileType = sourcecode.cpp.cpp; path = main.cpp; sourceTree = "<group>"; };
		D98950EE1F87F1D5005755E0 /* Calibrator.cpp */ = {isa = PBXFileReference; fileEncoding = 4; lastKnownFileType = sourcecode.cpp.cpp; path = Calibrator.cpp; sourceTree = "<group>"; };
		D98950EF1F87F1D5005755E0 /* Calibrator.hpp */ = {isa = PBXFileReference; fileEncoding = 4; lastKnownFileType = sourcecode.cpp.h; path = Calibrator.hpp; sourceTree = "<group>"; };
		D98950F11F87FE49005755E0 /* includes.h */ = {isa = PBXFileReference; lastKnownFileType = sourcecode.c.h; path = includes.h; sourceTree = "<group>"; };
/* End PBXFileReference section */

/* Begin PBXFrameworksBuildPhase section */
		D98950E11F87F1A7005755E0 /* Frameworks */ = {
			isa = PBXFrameworksBuildPhase;
			buildActionMask = 2147483647;
			files = (
			);
			runOnlyForDeploymentPostprocessing = 0;
		};
/* End PBXFrameworksBuildPhase section */

/* Begin PBXGroup section */
		D98950DB1F87F1A7005755E0 = {
			isa = PBXGroup;
			children = (
				D98950E61F87F1A7005755E0 /* density-control-io */,
				D98950E51F87F1A7005755E0 /* Products */,
			);
			sourceTree = "<group>";
		};
		D98950E51F87F1A7005755E0 /* Products */ = {
			isa = PBXGroup;
			children = (
				D98950E41F87F1A7005755E0 /* density-control-io */,
			);
			name = Products;
			sourceTree = "<group>";
		};
		D98950E61F87F1A7005755E0 /* density-control-io */ = {
			isa = PBXGroup;
			children = (
				D98950E71F87F1A7005755E0 /* main.cpp */,
				D98950EE1F87F1D5005755E0 /* Calibrator.cpp */,
				D98950EF1F87F1D5005755E0 /* Calibrator.hpp */,
				D98950F11F87FE49005755E0 /* includes.h */,
			);
			path = "density-control-io";
			sourceTree = "<group>";
		};
/* End PBXGroup section */

/* Begin PBXNativeTarget section */
		D98950E31F87F1A7005755E0 /* density-control-io */ = {
			isa = PBXNativeTarget;
			buildConfigurationList = D98950EB1F87F1A7005755E0 /* Build configuration list for PBXNativeTarget "density-control-io" */;
			buildPhases = (
				D98950E01F87F1A7005755E0 /* Sources */,
				D98950E11F87F1A7005755E0 /* Frameworks */,
				D98950E21F87F1A7005755E0 /* CopyFiles */,
			);
			buildRules = (
			);
			dependencies = (
			);
			name = "density-control-io";
			productName = "density-control-io";
			productReference = D98950E41F87F1A7005755E0 /* density-control-io */;
			productType = "com.apple.product-type.tool";
		};
/* End PBXNativeTarget section */

/* Begin PBXProject section */
		D98950DC1F87F1A7005755E0 /* Project object */ = {
			isa = PBXProject;
			attributes = {
				LastUpgradeCheck = 0830;
				ORGANIZATIONNAME = Intellex;
				TargetAttributes = {
					D98950E31F87F1A7005755E0 = {
						CreatedOnToolsVersion = 8.3.1;
						DevelopmentTeam = K7Z768Y9KY;
						ProvisioningStyle = Automatic;
					};
				};
			};
			buildConfigurationList = D98950DF1F87F1A7005755E0 /* Build configuration list for PBXProject "density-control-io" */;
			compatibilityVersion = "Xcode 3.2";
			developmentRegion = English;
			hasScannedForEncodings = 0;
			knownRegions = (
				en,
			);
			mainGroup = D98950DB1F87F1A7005755E0;
			productRefGroup = D98950E51F87F1A7005755E0 /* Products */;
			projectDirPath = "";
			projectRoot = "";
			targets = (
				D98950E31F87F1A7005755E0 /* density-control-io */,
			);
		};
/* End PBXProject section */

/* Begin PBXSourcesBuildPhase section */
		D98950E01F87F1A7005755E0 /* Sources */ = {
			isa = PBXSourcesBuildPhase;
			buildActionMask = 2147483647;
			files = (
				D98950F01F87F1D5005755E0 /* Calibrator.cpp in Sources */,
				D98950E81F87F1A7005755E0 /* main.cpp in Sources */,
			);
			runOnlyForDeploymentPostprocessing = 0;
		};
/* End PBXSourcesBuildPhase section */

/* Begin XCBuildConfiguration section */
		D98950E91F87F1A7005755E0 /* Debug */ = {
			isa = XCBuildConfiguration;
			buildSettings = {
				ALWAYS_SEARCH_USER_PATHS = NO;
				CLANG_ANALYZER_NONNULL = YES;
				CLANG_ANALYZER_NUMBER_OBJECT_CONVERSION = YES_AGGRESSIVE;
				CLANG_CXX_LANGUAGE_STANDARD = "gnu++0x";
				CLANG_CXX_LIBRARY = "libc++";
				CLANG_ENABLE_MODULES = YES;
				CLANG_ENABLE_OBJC_ARC = YES;
				CLANG_WARN_BOOL_CONVERSION = YES;
				CLANG_WARN_CONSTANT_CONVERSION = YES;
				CLANG_WARN_DIRECT_OBJC_ISA_USAGE = YES_ERROR;
				CLANG_WARN_DOCUMENTATION_COMMENTS = YES;
				CLANG_WARN_EMPTY_BODY = YES;
				CLANG_WARN_ENUM_CONVERSION = YES;
				CLANG_WARN_INFINITE_RECURSION = YES;
				CLANG_WARN_INT_CONVERSION = YES;
				CLANG_WARN_OBJC_ROOT_CLASS = YES_ERROR;
				CLANG_WARN_SUSPICIOUS_MOVE = YES;
				CLANG_WARN_UNREACHABLE_CODE = YES;
				CLANG_WARN__DUPLICATE_METHOD_MATCH = YES;
				CODE_SIGN_IDENTITY = "-";
				COPY_PHASE_STRIP = NO;
				DEBUG_INFORMATION_FORMAT = dwarf;
				ENABLE_STRICT_OBJC_MSGSEND = YES;
				ENABLE_TESTABILITY = YES;
				GCC_C_LANGUAGE_STANDARD = gnu99;
				GCC_DYNAMIC_NO_PIC = NO;
				GCC_NO_COMMON_BLOCKS = YES;
				GCC_OPTIMIZATION_LEVEL = 0;
				GCC_PREPROCESSOR_DEFINITIONS = (
					"DEBUG=1",
					"$(inherited)",
				);
				GCC_WARN_64_TO_32_BIT_CONVERSION = YES;
				GCC_WARN_ABOUT_RETURN_TYPE = YES_ERROR;
				GCC_WARN_UNDECLARED_SELECTOR = YES;
				GCC_WARN_UNINITIALIZED_AUTOS = YES_AGGRESSIVE;
				GCC_WARN_UNUSED_FUNCTION = YES;
				GCC_WARN_UNUSED_VARIABLE = YES;
				MACOSX_DEPLOYMENT_TARGET = 10.12;
				MTL_ENABLE_DEBUG_INFO = YES;
				ONLY_ACTIVE_ARCH = YES;
				SDKROOT = macosx;
			};
			name = Debug;
		};
		D98950EA1F87F1A7005755E0 /* Release */ = {
			isa = XCBuildConfiguration;
			buildSettings = {
				ALWAYS_SEARCH_USER_PATHS = NO;
				CLANG_ANALYZER_NONNULL = YES;
				CLANG_ANALYZER_NUMBER_OBJECT_CONVERSION = YES_AGGRESSIVE;
				CLANG_CXX_LANGUAGE_STANDARD = "gnu++0x";
				CLANG_CXX_LIBRARY = "libc++";
				CLANG_ENABLE_MODULES = YES;
				CLANG_ENABLE_OBJC_ARC = YES;
				CLANG_WARN_BOOL_CONVERSION = YES;
				CLANG_WARN_CONSTANT_CONVERSION = YES;
				CLANG_WARN_DIRECT_OBJC_ISA_USAGE = YES_ERROR;
				CLANG_WARN_DOCUMENTATION_COMMENTS = YES;
				CLANG_WARN_EMPTY_BODY = YES;
				CLANG_WARN_ENUM_CONVERSION = YES;
				CLANG_WARN_INFINITE_RECURSION = YES;
				CLANG_WARN_INT_CONVERSION = YES;
				CLANG_WARN_OBJC_ROOT_CLASS = YES_ERROR;
				CLANG_WARN_SUSPICIOUS_MOVE = YES;
				CLANG_WARN_UNREACHABLE_CODE = YES;
				CLANG_WARN__DUPLICATE_METHOD_MATCH = YES;
				CODE_SIGN_IDENTITY = "-";
				COPY_PHASE_STRIP = NO;
				DEBUG_INFORMATION_FORMAT = "dwarf-with-dsym";
				ENABLE_NS_ASSERTIONS = NO;
				ENABLE_STRICT_OBJC_MSGSEND = YES;
				GCC_C_LANGUAGE_STANDARD = gnu99;
				GCC_NO_COMMON_BLOCKS = YES;
				GCC_WARN_64_TO_32_BIT_CONVERSION = YES;
				GCC_WARN_ABOUT_RETURN_TYPE = YES_ERROR;
				GCC_WARN_UNDECLARED_SELECTOR = YES;
				GCC_WARN_UNINITIALIZED_AUTOS = YES_AGGRESSIVE;
				GCC_WARN_UNUSED_FUNCTION = YES;
				GCC_WARN_UNUSED_VARIABLE = YES;
				MACOSX_DEPLOYMENT_TARGET = 10.12;
				MTL_ENABLE_DEBUG_INFO = NO;
				SDKROOT = macosx;
			};
			name = Release;
		};
		D98950EC1F87F1A7005755E0 /* Debug */ = {
			isa = XCBuildConfiguration;
			buildSettings = {
				DEVELOPMENT_TEAM = K7Z768Y9KY;
				PRODUCT_NAME = "$(TARGET_NAME)";
			};
			name = Debug;
		};
		D98950ED1F87F1A7005755E0 /* Release */ = {
			isa = XCBuildConfiguration;
			buildSettings = {
				DEVELOPMENT_TEAM = K7Z768Y9KY;
				PRODUCT_NAME = "$(TARGET_NAME)";
			};
			name = Release;
		};
/* End XCBuildConfiguration section */

/* Begin XCConfigurationList section */
		D98950DF1F87F1A7005755E0 /* Build configuration list for PBXProject "density-control-io" */ = {
			isa = XCConfigurationList;
			buildConfigurations = (
				D98950E91F87F1A7005755E0 /* Debug */,
				D98950EA1F87F1A7005755E0 /* Release */,
			);
			defaultConfigurationIsVisible = 0;
			defaultConfigurationName = Release;
		};
		D98950EB1F87F1A7005755E0 /* Build configuration list for PBXNativeTarget "density-control-io" */ = {
			isa = XCConfigurationList;
			buildConfigurations = (
				D98950EC1F87F1A7005755E0 /* Debug */,
				D98950ED1F87F1A7005755E0 /* Release */,
			);
			defaultConfigurationIsVisible = 0;
		};
/* End XCConfigurationList section */
	};
	rootObject = D98950DC1F87F1A7005755E0 /* Project object */;
}
